PODS:
  - AFNetworking (4.0.1):
    - AFNetworking/NSURLSession (= 4.0.1)
    - AFNetworking/Reachability (= 4.0.1)
    - AFNetworking/Security (= 4.0.1)
    - AFNetworking/Serialization (= 4.0.1)
    - AFNetworking/UIKit (= 4.0.1)
  - AFNetworking/NSURLSession (4.0.1):
    - AFNetworking/Reachability
    - AFNetworking/Security
    - AFNetworking/Serialization
  - AFNetworking/Reachability (4.0.1)
  - AFNetworking/Security (4.0.1)
  - AFNetworking/Serialization (4.0.1)
  - AFNetworking/UIKit (4.0.1):
    - AFNetworking/NSURLSession
  - GoogleWebRTC (1.1.31999)
  - SocketRocket (0.5.1)

DEPENDENCIES:
  - AFNetworking
  - GoogleWebRTC (~> 1.1)
  - SocketRocket

SPEC REPOS:
  trunk:
    - AFNetworking
    - GoogleWebRTC
    - SocketRocket

SPEC CHECKSUMS:
  AFNetworking: 7864c38297c79aaca1500c33288e429c3451fdce
  GoogleWebRTC: b39a78c4f5cc6b0323415b9233db03a2faa7b0f0
  SocketRocket: d57c7159b83c3c6655745cd15302aa24b6bae531

PODFILE CHECKSUM: e7987dc9eb4598d4a9eedfdc55ce59d17c9876ea

COCOAPODS: 1.10.0
